
Microsoft Visual Studio Solution File, Format Version 12.00
# Visual Studio Version 16
VisualStudioVersion = 16.0.29806.167
MinimumVisualStudioVersion = 10.0.40219.1
Project("{F184B08F-C81C-45F6-A57F-5ABD9991F28F}") = "ICE3Project", "ICE3Project.vbproj", "{8B8C1B77-40E4-4874-A863-56923A366A47}"
EndProject
Global
	GlobalSection(SolutionConfigurationPlatforms) = preSolution
		Debug|Any CPU = Debug|Any CPU
		Release|Any CPU = Release|Any CPU
	EndGlobalSection
	GlobalSection(ProjectConfigurationPlatforms) = postSolution
		{8B8C1B77-40E4-4874-A863-56923A366A47}.Debug|Any CPU.ActiveCfg = Debug|Any CPU
		{8B8C1B77-40E4-4874-A863-56923A366A47}.Debug|Any CPU.Build.0 = Debug|Any CPU
		{8B8C1B77-40E4-4874-A863-56923A366A47}.Release|Any CPU.ActiveCfg = Release|Any CPU
		{8B8C1B77-40E4-4874-A863-56923A366A47}.Release|Any CPU.Build.0 = Release|Any CPU
	EndGlobalSection
	GlobalSection(SolutionProperties) = preSolution
		HideSolutionNode = FALSE
	EndGlobalSection
	GlobalSection(ExtensibilityGlobals) = postSolution
		SolutionGuid = {3759B52D-21FC-4CEC-9A81-BFF69EFDC0ED}
	EndGlobalSection
EndGlobal
